PODS:
  - ObjectMapper (4.2.0)
  - ReachabilitySwift (5.0.0)
  - Realm (10.16.0):
    - Realm/Headers (= 10.16.0)
  - Realm/Headers (10.16.0)
  - RealmSwift (10.16.0):
    - Realm (= 10.16.0)

DEPENDENCIES:
  - ObjectMapper
  - ReachabilitySwift
  - RealmSwift

SPEC REPOS:
  trunk:
    - ObjectMapper
    - ReachabilitySwift
    - Realm
    - RealmSwift

SPEC CHECKSUMS:
  ObjectMapper: 1eb41f610210777375fa806bf161dc39fb832b81
  ReachabilitySwift: 985039c6f7b23a1da463388634119492ff86c825
  Realm: b6027801398f3743fc222f096faa85281b506e6c
  RealmSwift: b02a3d0e4947955da960b642c98ad3a461fc4e70

PODFILE CHECKSUM: 6abb777931f676bd7d43de83161d6636be845e04

COCOAPODS: 1.11.2
